
Microsoft Visual Studio Solution File, Format Version 12.00
# Visual Studio Version 16
VisualStudioVersion = 16.0.30128.74
MinimumVisualStudioVersion = 10.0.40219.1
Project("{FAE04EC0-301F-11D3-BF4B-00C04F79EFBC}") = "NanoleafControlPlugin", "NanoleafControlPlugin\NanoleafControlPlugin.csproj", "{BEBD80C4-0BFA-4F0E-A812-3C1FE6A52565}"
EndProject
Global
	GlobalSection(SolutionConfigurationPlatforms) = preSolution
		Debug|Any CPU = Debug|Any CPU
		Release|Any CPU = Release|Any CPU
	EndGlobalSection
	GlobalSection(ProjectConfigurationPlatforms) = postSolution
		{BEBD80C4-0BFA-4F0E-A812-3C1FE6A52565}.Debug|Any CPU.ActiveCfg = Debug|Any CPU
		{BEBD80C4-0BFA-4F0E-A812-3C1FE6A52565}.Debug|Any CPU.Build.0 = Debug|Any CPU
		{BEBD80C4-0BFA-4F0E-A812-3C1FE6A52565}.Release|Any CPU.ActiveCfg = Release|Any CPU
		{BEBD80C4-0BFA-4F0E-A812-3C1FE6A52565}.Release|Any CPU.Build.0 = Release|Any CPU
	EndGlobalSection
	GlobalSection(SolutionProperties) = preSolution
		HideSolutionNode = FALSE
	EndGlobalSection
	GlobalSection(ExtensibilityGlobals) = postSolution
		SolutionGuid = {8159431E-A659-468A-9D10-086B637C963B}
	EndGlobalSection
EndGlobal
